{
  "name": "cesium_test",
  "version": "1.0.0",
  "lockfileVersion": 1,
  "requires": true,
  "dependencies": {
    "cesium": {
      "version": "1.52.0",
      "resolved": "http://registry.npm.taobao.org/cesium/download/cesium-1.52.0.tgz",
      "integrity": "sha1-rnEF9dxP5asmXkoquA39P05llyw=",
      "requires": {
        "requirejs": "^2.3.2"
      }
    },
    "cesium-navigation": {
      "version": "1.0.0",
      "resolved": "http://registry.npm.taobao.org/cesium-navigation/download/cesium-navigation-1.0.0.tgz",
      "integrity": "sha1-X/R77+H9ifh0g8wv9wE+YE6ZILE=",
      "dev": true
    },
    "requirejs": {
      "version": "2.3.6",
      "resolved": "http://registry.npm.taobao.org/requirejs/download/requirejs-2.3.6.tgz",
      "integrity": "sha1-5Qk9lgHCgpJRJYwLlEXU0Z+p58k="
    }
  }
}
